
Microsoft Visual Studio Solution File, Format Version 12.00
# Visual Studio Version 17
VisualStudioVersion = 17.10.34928.147
MinimumVisualStudioVersion = 10.0.40219.1
Project("{FAE04EC0-301F-11D3-BF4B-00C04F79EFBC}") = "EmployeesManagement", "EmployeesManagement\EmployeesManagement.csproj", "{FD97AAF1-B923-4DA6-BA9C-9901ACC28E2A}"
EndProject
Global
	GlobalSection(SolutionConfigurationPlatforms) = preSolution
		Debug|Any CPU = Debug|Any CPU
		Release|Any CPU = Release|Any CPU
	EndGlobalSection
	GlobalSection(ProjectConfigurationPlatforms) = postSolution
		{FD97AAF1-B923-4DA6-BA9C-9901ACC28E2A}.Debug|Any CPU.ActiveCfg = Debug|Any CPU
		{FD97AAF1-B923-4DA6-BA9C-9901ACC28E2A}.Debug|Any CPU.Build.0 = Debug|Any CPU
		{FD97AAF1-B923-4DA6-BA9C-9901ACC28E2A}.Release|Any CPU.ActiveCfg = Release|Any CPU
		{FD97AAF1-B923-4DA6-BA9C-9901ACC28E2A}.Release|Any CPU.Build.0 = Release|Any CPU
	EndGlobalSection
	GlobalSection(SolutionProperties) = preSolution
		HideSolutionNode = FALSE
	EndGlobalSection
	GlobalSection(ExtensibilityGlobals) = postSolution
		SolutionGuid = {F08753EA-BFA5-4FE8-8A29-0D78D03C02BB}
	EndGlobalSection
EndGlobal
